
Microsoft Visual Studio Solution File, Format Version 12.00
# Visual Studio Version 16
VisualStudioVersion = 16.0.30011.22
MinimumVisualStudioVersion = 10.0.40219.1
Project("{9A19103F-16F7-4668-BE54-9A1E7A4F7556}") = "ArticleAssignment.API", "..\ArticleAssignment.API\ArticleAssignment.API.csproj", "{50AE6CE1-1F2C-4105-9BA8-E9AA7AC76E1D}"
EndProject
Project("{9A19103F-16F7-4668-BE54-9A1E7A4F7556}") = "ArticleAssignment.DataModels", "..\ArticleAssignment.DataModels\ArticleAssignment.DataModels.csproj", "{F1990B20-0344-46AD-B143-56830E149E89}"
EndProject
Project("{9A19103F-16F7-4668-BE54-9A1E7A4F7556}") = "ArticleAssignment.Queries", "..\ArticleAssignment.Queries\ArticleAssignment.Queries.csproj", "{2C9F1889-929E-4D34-A980-378C42E3A705}"
EndProject
Project("{9A19103F-16F7-4668-BE54-9A1E7A4F7556}") = "ArticleAssignment.QueryExecuters", "..\ArticleAssignment.QueryExecuters\ArticleAssignment.QueryExecuters.csproj", "{90FF549C-43DF-46D5-851B-E04A8F4CB275}"
EndProject
Project("{9A19103F-16F7-4668-BE54-9A1E7A4F7556}") = "ArticleAssignment.Repositories", "..\ArticleAssignment.Repositories\ArticleAssignment.Repositories.csproj", "{EEC7931F-CE2F-4FC1-90DD-DA987276A2F3}"
EndProject
Project("{9A19103F-16F7-4668-BE54-9A1E7A4F7556}") = "ArticleAssignment.ViewModels", "..\ArticleAssignment.ViewModels\ArticleAssignment.ViewModels.csproj", "{841C7733-C132-4F8E-B6BC-1A8FF1E8D2EA}"
EndProject
Global
	GlobalSection(SolutionConfigurationPlatforms) = preSolution
		Debug|Any CPU = Debug|Any CPU
		Release|Any CPU = Release|Any CPU
	EndGlobalSection
	GlobalSection(ProjectConfigurationPlatforms) = postSolution
		{50AE6CE1-1F2C-4105-9BA8-E9AA7AC76E1D}.Debug|Any CPU.ActiveCfg = Debug|Any CPU
		{50AE6CE1-1F2C-4105-9BA8-E9AA7AC76E1D}.Debug|Any CPU.Build.0 = Debug|Any CPU
		{50AE6CE1-1F2C-4105-9BA8-E9AA7AC76E1D}.Release|Any CPU.ActiveCfg = Release|Any CPU
		{50AE6CE1-1F2C-4105-9BA8-E9AA7AC76E1D}.Release|Any CPU.Build.0 = Release|Any CPU
		{F1990B20-0344-46AD-B143-56830E149E89}.Debug|Any CPU.ActiveCfg = Debug|Any CPU
		{F1990B20-0344-46AD-B143-56830E149E89}.Debug|Any CPU.Build.0 = Debug|Any CPU
		{F1990B20-0344-46AD-B143-56830E149E89}.Release|Any CPU.ActiveCfg = Release|Any CPU
		{F1990B20-0344-46AD-B143-56830E149E89}.Release|Any CPU.Build.0 = Release|Any CPU
		{2C9F1889-929E-4D34-A980-378C42E3A705}.Debug|Any CPU.ActiveCfg = Debug|Any CPU
		{2C9F1889-929E-4D34-A980-378C42E3A705}.Debug|Any CPU.Build.0 = Debug|Any CPU
		{2C9F1889-929E-4D34-A980-378C42E3A705}.Release|Any CPU.ActiveCfg = Release|Any CPU
		{2C9F1889-929E-4D34-A980-378C42E3A705}.Release|Any CPU.Build.0 = Release|Any CPU
		{90FF549C-43DF-46D5-851B-E04A8F4CB275}.Debug|Any CPU.ActiveCfg = Debug|Any CPU
		{90FF549C-43DF-46D5-851B-E04A8F4CB275}.Debug|Any CPU.Build.0 = Debug|Any CPU
		{90FF549C-43DF-46D5-851B-E04A8F4CB275}.Release|Any CPU.ActiveCfg = Release|Any CPU
		{90FF549C-43DF-46D5-851B-E04A8F4CB275}.Release|Any CPU.Build.0 = Release|Any CPU
		{EEC7931F-CE2F-4FC1-90DD-DA987276A2F3}.Debug|Any CPU.ActiveCfg = Debug|Any CPU
		{EEC7931F-CE2F-4FC1-90DD-DA987276A2F3}.Debug|Any CPU.Build.0 = Debug|Any CPU
		{EEC7931F-CE2F-4FC1-90DD-DA987276A2F3}.Release|Any CPU.ActiveCfg = Release|Any CPU
		{EEC7931F-CE2F-4FC1-90DD-DA987276A2F3}.Release|Any CPU.Build.0 = Release|Any CPU
		{841C7733-C132-4F8E-B6BC-1A8FF1E8D2EA}.Debug|Any CPU.ActiveCfg = Debug|Any CPU
		{841C7733-C132-4F8E-B6BC-1A8FF1E8D2EA}.Debug|Any CPU.Build.0 = Debug|Any CPU
		{841C7733-C132-4F8E-B6BC-1A8FF1E8D2EA}.Release|Any CPU.ActiveCfg = Release|Any CPU
		{841C7733-C132-4F8E-B6BC-1A8FF1E8D2EA}.Release|Any CPU.Build.0 = Release|Any CPU
	EndGlobalSection
	GlobalSection(SolutionProperties) = preSolution
		HideSolutionNode = FALSE
	EndGlobalSection
	GlobalSection(ExtensibilityGlobals) = postSolution
		SolutionGuid = {CCE2630E-0149-4A70-9A5A-9A35BA8B4F67}
	EndGlobalSection
EndGlobal
